// !$*UTF8*$!
{
	archiveVersion = 1;
	classes = {
	};
	objectVersion = 77;
	objects = {

/* Begin PBXBuildFile section */
		100000000000000000000101 /* RandevularimApp.swift in Sources */ = {isa = PBXBuildFile; fileRef = 100000000000000000000201 /* RandevularimApp.swift */; };
		100000000000000000000102 /* ContentView.swift in Sources */ = {isa = PBXBuildFile; fileRef = 100000000000000000000202 /* ContentView.swift */; };
		100000000000000000000103 /* AppTheme.swift in Sources */ = {isa = PBXBuildFile; fileRef = 100000000000000000000203 /* AppTheme.swift */; };
		100000000000000000000104 /* AppointmentStatus.swift in Sources */ = {isa = PBXBuildFile; fileRef = 100000000000000000000204 /* AppointmentStatus.swift */; };
		100000000000000000000105 /* Customer.swift in Sources */ = {isa = PBXBuildFile; fileRef = 100000000000000000000205 /* Customer.swift */; };
		100000000000000000000106 /* Service.swift in Sources */ = {isa = PBXBuildFile; fileRef = 100000000000000000000206 /* Service.swift */; };
		100000000000000000000107 /* Appointment.swift in Sources */ = {isa = PBXBuildFile; fileRef = 100000000000000000000207 /* Appointment.swift */; };
		100000000000000000000108 /* Business.swift in Sources */ = {isa = PBXBuildFile; fileRef = 100000000000000000000208 /* Business.swift */; };
		100000000000000000000109 /* AppStore.swift in Sources */ = {isa = PBXBuildFile; fileRef = 100000000000000000000209 /* AppStore.swift */; };
		100000000000000000000110 /* HomeView.swift in Sources */ = {isa = PBXBuildFile; fileRef = 100000000000000000000210 /* HomeView.swift */; };
		100000000000000000000111 /* AppointmentListView.swift in Sources */ = {isa = PBXBuildFile; fileRef = 100000000000000000000211 /* AppointmentListView.swift */; };
		100000000000000000000112 /* CustomerListView.swift in Sources */ = {isa = PBXBuildFile; fileRef = 100000000000000000000212 /* CustomerListView.swift */; };
		100000000000000000000113 /* SettingsView.swift in Sources */ = {isa = PBXBuildFile; fileRef = 100000000000000000000213 /* SettingsView.swift */; };
		100000000000000000000114 /* CalendarView.swift in Sources */ = {isa = PBXBuildFile; fileRef = 100000000000000000000214 /* CalendarView.swift */; };
		100000000000000000000115 /* StatisticsView.swift in Sources */ = {isa = PBXBuildFile; fileRef = 100000000000000000000215 /* StatisticsView.swift */; };
		100000000000000000000116 /* RandevularimWidget.swift in Sources */ = {isa = PBXBuildFile; fileRef = 100000000000000000000216 /* RandevularimWidget.swift */; };
		100000000000000000000117 /* RandevularimWidget.appex in Embed App Extensions */ = {isa = PBXBuildFile; fileRef = 100000000000000000000002 /* RandevularimWidget.appex */; settings = {ATTRIBUTES = (RemoveHeadersOnCopy, ); }; };
		100000000000000000000120 /* AppointmentActivityAttributes.swift in Sources */ = {isa = PBXBuildFile; fileRef = 100000000000000000000218 /* AppointmentActivityAttributes.swift */; };
		100000000000000000000123 /* View+Keyboard.swift in Sources */ = {isa = PBXBuildFile; fileRef = 100000000000000000000221 /* View+Keyboard.swift */; };
		100000000000000000000121 /* AppointmentActivityAttributes.swift in Sources */ = {isa = PBXBuildFile; fileRef = 100000000000000000000218 /* AppointmentActivityAttributes.swift */; };
		100000000000000000000122 /* Assets.xcassets in Resources */ = {isa = PBXBuildFile; fileRef = 100000000000000000000219 /* Assets.xcassets */; };
/* End PBXBuildFile section */

/* Begin PBXContainerItemProxy section */
		100000000000000000000118 /* PBXContainerItemProxy */ = {
			isa = PBXContainerItemProxy;
			containerPortal = 100000000000000000000060 /* Project object */;
			proxyType = 1;
			remoteGlobalIDString = 100000000000000000000041;
			remoteInfo = RandevularimWidget;
		};
/* End PBXContainerItemProxy section */

/* Begin PBXCopyFilesBuildPhase section */
		100000000000000000000053 /* Embed App Extensions */ = {
			isa = PBXCopyFilesBuildPhase;
			buildActionMask = 2147483647;
			dstPath = "";
			dstSubfolderSpec = 13;
			files = (
				100000000000000000000117 /* RandevularimWidget.appex in Embed App Extensions */,
			);
			name = "Embed App Extensions";
			runOnlyForDeploymentPostprocessing = 0;
		};
/* End PBXCopyFilesBuildPhase section */

/* Begin PBXFileReference section */
		100000000000000000000001 /* Randevularim.app */ = {isa = PBXFileReference; explicitFileType = wrapper.application; includeInIndex = 0; path = Randevularim.app; sourceTree = BUILT_PRODUCTS_DIR; };
		100000000000000000000002 /* RandevularimWidget.appex */ = {isa = PBXFileReference; explicitFileType = "wrapper.app-extension"; includeInIndex = 0; path = RandevularimWidget.appex; sourceTree = BUILT_PRODUCTS_DIR; };
		100000000000000000000201 /* RandevularimApp.swift */ = {isa = PBXFileReference; lastKnownFileType = sourcecode.swift; path = RandevularimApp.swift; sourceTree = "<group>"; };
		100000000000000000000202 /* ContentView.swift */ = {isa = PBXFileReference; lastKnownFileType = sourcecode.swift; path = ContentView.swift; sourceTree = "<group>"; };
		100000000000000000000203 /* AppTheme.swift */ = {isa = PBXFileReference; lastKnownFileType = sourcecode.swift; path = AppTheme.swift; sourceTree = "<group>"; };
		100000000000000000000204 /* AppointmentStatus.swift */ = {isa = PBXFileReference; lastKnownFileType = sourcecode.swift; path = AppointmentStatus.swift; sourceTree = "<group>"; };
		100000000000000000000205 /* Customer.swift */ = {isa = PBXFileReference; lastKnownFileType = sourcecode.swift; path = Customer.swift; sourceTree = "<group>"; };
		100000000000000000000206 /* Service.swift */ = {isa = PBXFileReference; lastKnownFileType = sourcecode.swift; path = Service.swift; sourceTree = "<group>"; };
		100000000000000000000207 /* Appointment.swift */ = {isa = PBXFileReference; lastKnownFileType = sourcecode.swift; path = Appointment.swift; sourceTree = "<group>"; };
		100000000000000000000208 /* Business.swift */ = {isa = PBXFileReference; lastKnownFileType = sourcecode.swift; path = Business.swift; sourceTree = "<group>"; };
		100000000000000000000209 /* AppStore.swift */ = {isa = PBXFileReference; lastKnownFileType = sourcecode.swift; path = AppStore.swift; sourceTree = "<group>"; };
		100000000000000000000210 /* HomeView.swift */ = {isa = PBXFileReference; lastKnownFileType = sourcecode.swift; path = HomeView.swift; sourceTree = "<group>"; };
		100000000000000000000211 /* AppointmentListView.swift */ = {isa = PBXFileReference; lastKnownFileType = sourcecode.swift; path = AppointmentListView.swift; sourceTree = "<group>"; };
		100000000000000000000212 /* CustomerListView.swift */ = {isa = PBXFileReference; lastKnownFileType = sourcecode.swift; path = CustomerListView.swift; sourceTree = "<group>"; };
		100000000000000000000213 /* SettingsView.swift */ = {isa = PBXFileReference; lastKnownFileType = sourcecode.swift; path = SettingsView.swift; sourceTree = "<group>"; };
		100000000000000000000214 /* CalendarView.swift */ = {isa = PBXFileReference; lastKnownFileType = sourcecode.swift; path = CalendarView.swift; sourceTree = "<group>"; };
		100000000000000000000215 /* StatisticsView.swift */ = {isa = PBXFileReference; lastKnownFileType = sourcecode.swift; path = StatisticsView.swift; sourceTree = "<group>"; };
		100000000000000000000216 /* RandevularimWidget.swift */ = {isa = PBXFileReference; lastKnownFileType = sourcecode.swift; path = RandevularimWidget.swift; sourceTree = "<group>"; };
		100000000000000000000217 /* Info.plist */ = {isa = PBXFileReference; lastKnownFileType = text.plist.xml; path = Info.plist; sourceTree = "<group>"; };
		100000000000000000000218 /* AppointmentActivityAttributes.swift */ = {isa = PBXFileReference; lastKnownFileType = sourcecode.swift; path = AppointmentActivityAttributes.swift; sourceTree = "<group>"; };
		100000000000000000000219 /* Assets.xcassets */ = {isa = PBXFileReference; lastKnownFileType = folder.assetcatalog; path = Assets.xcassets; sourceTree = "<group>"; };
		100000000000000000000221 /* View+Keyboard.swift */ = {isa = PBXFileReference; lastKnownFileType = sourcecode.swift; path = "View+Keyboard.swift"; sourceTree = "<group>"; };
/* End PBXFileReference section */

/* Begin PBXGroup section */
		100000000000000000000010 = {
			isa = PBXGroup;
			children = (
				100000000000000000000011 /* Randevularim */,
				100000000000000000000012 /* RandevularimWidget */,
				100000000000000000000013 /* Shared */,
				100000000000000000000020 /* Products */,
			);
			sourceTree = "<group>";
		};
		100000000000000000000011 /* Randevularim */ = {
			isa = PBXGroup;
			children = (
				100000000000000000000201 /* RandevularimApp.swift */,
				100000000000000000000202 /* ContentView.swift */,
				100000000000000000000219 /* Assets.xcassets */,
				100000000000000000000030 /* Models */,
				100000000000000000000031 /* Theme */,
				100000000000000000000032 /* Store */,
				100000000000000000000033 /* Views */,
				100000000000000000000034 /* Extensions */,
			);
			path = Randevularim;
			sourceTree = "<group>";
		};
		100000000000000000000020 /* Products */ = {
			isa = PBXGroup;
			children = (
				100000000000000000000001 /* Randevularim.app */,
				100000000000000000000002 /* RandevularimWidget.appex */,
			);
			name = Products;
			sourceTree = "<group>";
		};
		100000000000000000000030 /* Models */ = {
			isa = PBXGroup;
			children = (
				100000000000000000000204 /* AppointmentStatus.swift */,
				100000000000000000000205 /* Customer.swift */,
				100000000000000000000206 /* Service.swift */,
				100000000000000000000207 /* Appointment.swift */,
				100000000000000000000208 /* Business.swift */,
			);
			path = Models;
			sourceTree = "<group>";
		};
		100000000000000000000031 /* Theme */ = {
			isa = PBXGroup;
			children = (
				100000000000000000000203 /* AppTheme.swift */,
			);
			path = Theme;
			sourceTree = "<group>";
		};
		100000000000000000000032 /* Store */ = {
			isa = PBXGroup;
			children = (
				100000000000000000000209 /* AppStore.swift */,
			);
			path = Store;
			sourceTree = "<group>";
		};
		100000000000000000000033 /* Views */ = {
			isa = PBXGroup;
			children = (
				100000000000000000000210 /* HomeView.swift */,
				100000000000000000000214 /* CalendarView.swift */,
				100000000000000000000211 /* AppointmentListView.swift */,
				100000000000000000000212 /* CustomerListView.swift */,
				100000000000000000000215 /* StatisticsView.swift */,
				100000000000000000000213 /* SettingsView.swift */,
			);
			path = Views;
			sourceTree = "<group>";
		};
		100000000000000000000034 /* Extensions */ = {
			isa = PBXGroup;
			children = (
				100000000000000000000221 /* View+Keyboard.swift */,
			);
			path = Extensions;
			sourceTree = "<group>";
		};
		100000000000000000000012 /* RandevularimWidget */ = {
			isa = PBXGroup;
			children = (
				100000000000000000000216 /* RandevularimWidget.swift */,
				100000000000000000000217 /* Info.plist */,
			);
			path = RandevularimWidget;
			sourceTree = "<group>";
		};
		100000000000000000000013 /* Shared */ = {
			isa = PBXGroup;
			children = (
				100000000000000000000218 /* AppointmentActivityAttributes.swift */,
			);
			path = Shared;
			sourceTree = "<group>";
		};
/* End PBXGroup section */

/* Begin PBXNativeTarget section */
		100000000000000000000040 /* Randevularim */ = {
			isa = PBXNativeTarget;
			buildConfigurationList = 100000000000000000000080 /* Build configuration list for PBXNativeTarget "Randevularim" */;
			buildPhases = (
				100000000000000000000050 /* Sources */,
				100000000000000000000051 /* Frameworks */,
				100000000000000000000052 /* Resources */,
				100000000000000000000053 /* Embed App Extensions */,
			);
			buildRules = (
			);
			dependencies = (
				100000000000000000000119 /* PBXTargetDependency */,
			);
			name = Randevularim;
			productName = Randevularim;
			productReference = 100000000000000000000001 /* Randevularim.app */;
			productType = "com.apple.product-type.application";
		};
		100000000000000000000041 /* RandevularimWidget */ = {
			isa = PBXNativeTarget;
			buildConfigurationList = 100000000000000000000090 /* Build configuration list for PBXNativeTarget "RandevularimWidget" */;
			buildPhases = (
				100000000000000000000054 /* Sources */,
				100000000000000000000055 /* Frameworks */,
				100000000000000000000056 /* Resources */,
			);
			buildRules = (
			);
			dependencies = (
			);
			name = RandevularimWidget;
			productName = RandevularimWidget;
			productReference = 100000000000000000000002 /* RandevularimWidget.appex */;
			productType = "com.apple.product-type.app-extension";
		};
/* End PBXNativeTarget section */

/* Begin PBXProject section */
		100000000000000000000060 /* Project object */ = {
			isa = PBXProject;
			attributes = {
				BuildIndependentTargetsInParallel = 1;
				LastSwiftUpdateCheck = 2650;
				LastUpgradeCheck = 2650;
				TargetAttributes = {
					100000000000000000000040 = {
						CreatedOnToolsVersion = 26.5;
					};
					100000000000000000000041 = {
						CreatedOnToolsVersion = 26.5;
					};
				};
			};
			buildConfigurationList = 100000000000000000000070 /* Build configuration list for PBXProject "Randevularim" */;
			developmentRegion = tr;
			hasScannedForEncodings = 0;
			knownRegions = (
				tr,
				en,
				Base,
			);
			mainGroup = 100000000000000000000010;
			minimizedProjectReferenceProxies = 1;
			preferredProjectObjectVersion = 77;
			productRefGroup = 100000000000000000000020 /* Products */;
			projectDirPath = "";
			projectRoot = "";
			targets = (
				100000000000000000000040 /* Randevularim */,
				100000000000000000000041 /* RandevularimWidget */,
			);
		};
/* End PBXProject section */

/* Begin PBXFrameworksBuildPhase section */
		100000000000000000000051 /* Frameworks */ = {
			isa = PBXFrameworksBuildPhase;
			buildActionMask = 2147483647;
			files = (
			);
			runOnlyForDeploymentPostprocessing = 0;
		};
		100000000000000000000055 /* Frameworks */ = {
			isa = PBXFrameworksBuildPhase;
			buildActionMask = 2147483647;
			files = (
			);
			runOnlyForDeploymentPostprocessing = 0;
		};
/* End PBXFrameworksBuildPhase section */

/* Begin PBXResourcesBuildPhase section */
		100000000000000000000052 /* Resources */ = {
			isa = PBXResourcesBuildPhase;
			buildActionMask = 2147483647;
			files = (
				100000000000000000000122 /* Assets.xcassets in Resources */,
			);
			runOnlyForDeploymentPostprocessing = 0;
		};
		100000000000000000000056 /* Resources */ = {
			isa = PBXResourcesBuildPhase;
			buildActionMask = 2147483647;
			files = (
			);
			runOnlyForDeploymentPostprocessing = 0;
		};
/* End PBXResourcesBuildPhase section */

/* Begin PBXSourcesBuildPhase section */
		100000000000000000000050 /* Sources */ = {
			isa = PBXSourcesBuildPhase;
			buildActionMask = 2147483647;
			files = (
				100000000000000000000101 /* RandevularimApp.swift in Sources */,
				100000000000000000000102 /* ContentView.swift in Sources */,
				100000000000000000000103 /* AppTheme.swift in Sources */,
				100000000000000000000104 /* AppointmentStatus.swift in Sources */,
				100000000000000000000105 /* Customer.swift in Sources */,
				100000000000000000000106 /* Service.swift in Sources */,
				100000000000000000000107 /* Appointment.swift in Sources */,
				100000000000000000000108 /* Business.swift in Sources */,
				100000000000000000000109 /* AppStore.swift in Sources */,
				100000000000000000000110 /* HomeView.swift in Sources */,
				100000000000000000000111 /* AppointmentListView.swift in Sources */,
				100000000000000000000112 /* CustomerListView.swift in Sources */,
				100000000000000000000113 /* SettingsView.swift in Sources */,
				100000000000000000000114 /* CalendarView.swift in Sources */,
				100000000000000000000115 /* StatisticsView.swift in Sources */,
				100000000000000000000120 /* AppointmentActivityAttributes.swift in Sources */,
				100000000000000000000123 /* View+Keyboard.swift in Sources */,
			);
			runOnlyForDeploymentPostprocessing = 0;
		};
		100000000000000000000054 /* Sources */ = {
			isa = PBXSourcesBuildPhase;
			buildActionMask = 2147483647;
			files = (
				100000000000000000000116 /* RandevularimWidget.swift in Sources */,
				100000000000000000000121 /* AppointmentActivityAttributes.swift in Sources */,
			);
			runOnlyForDeploymentPostprocessing = 0;
		};
/* End PBXSourcesBuildPhase section */

/* Begin PBXTargetDependency section */
		100000000000000000000119 /* PBXTargetDependency */ = {
			isa = PBXTargetDependency;
			target = 100000000000000000000041 /* RandevularimWidget */;
			targetProxy = 100000000000000000000118 /* PBXContainerItemProxy */;
		};
/* End PBXTargetDependency section */

/* Begin XCBuildConfiguration section */
		100000000000000000000071 /* Debug */ = {
			isa = XCBuildConfiguration;
			buildSettings = {
				ALWAYS_SEARCH_USER_PATHS = NO;
				CLANG_ANALYZER_NONNULL = YES;
				CLANG_ENABLE_MODULES = YES;
				COPY_PHASE_STRIP = NO;
				DEBUG_INFORMATION_FORMAT = dwarf;
				ENABLE_STRICT_OBJC_MSGSEND = YES;
				ENABLE_TESTABILITY = YES;
				GCC_C_LANGUAGE_STANDARD = gnu17;
				GCC_NO_COMMON_BLOCKS = YES;
				GCC_OPTIMIZATION_LEVEL = 0;
				GCC_WARN_64_TO_32_BIT_CONVERSION = YES;
				GCC_WARN_ABOUT_RETURN_TYPE = YES_ERROR;
				GCC_WARN_UNDECLARED_SELECTOR = YES;
				GCC_WARN_UNINITIALIZED_AUTOS = YES_AGGRESSIVE;
				GCC_WARN_UNUSED_FUNCTION = YES;
				GCC_WARN_UNUSED_VARIABLE = YES;
				IPHONEOS_DEPLOYMENT_TARGET = 17.0;
				SDKROOT = iphoneos;
				SWIFT_VERSION = 5.0;
			};
			name = Debug;
		};
		100000000000000000000072 /* Release */ = {
			isa = XCBuildConfiguration;
			buildSettings = {
				ALWAYS_SEARCH_USER_PATHS = NO;
				CLANG_ANALYZER_NONNULL = YES;
				CLANG_ENABLE_MODULES = YES;
				COPY_PHASE_STRIP = NO;
				DEBUG_INFORMATION_FORMAT = "dwarf-with-dsym";
				ENABLE_NS_ASSERTIONS = NO;
				ENABLE_STRICT_OBJC_MSGSEND = YES;
				GCC_C_LANGUAGE_STANDARD = gnu17;
				GCC_NO_COMMON_BLOCKS = YES;
				GCC_WARN_64_TO_32_BIT_CONVERSION = YES;
				GCC_WARN_ABOUT_RETURN_TYPE = YES_ERROR;
				GCC_WARN_UNDECLARED_SELECTOR = YES;
				GCC_WARN_UNINITIALIZED_AUTOS = YES_AGGRESSIVE;
				GCC_WARN_UNUSED_FUNCTION = YES;
				GCC_WARN_UNUSED_VARIABLE = YES;
				IPHONEOS_DEPLOYMENT_TARGET = 17.0;
				SDKROOT = iphoneos;
				SWIFT_COMPILATION_MODE = wholemodule;
				SWIFT_OPTIMIZATION_LEVEL = "-O";
				SWIFT_VERSION = 5.0;
				VALIDATE_PRODUCT = YES;
			};
			name = Release;
		};
		100000000000000000000081 /* Debug */ = {
			isa = XCBuildConfiguration;
			buildSettings = {
				ASSETCATALOG_COMPILER_APPICON_NAME = AppIcon;
				CODE_SIGN_ENTITLEMENTS = Randevularim/Randevularim.entitlements;
				CODE_SIGN_STYLE = Automatic;
				CURRENT_PROJECT_VERSION = 13;
				DEVELOPMENT_ASSET_PATHS = "";
				DEVELOPMENT_TEAM = 95584RK3B9;
				ENABLE_PREVIEWS = YES;
				GENERATE_INFOPLIST_FILE = YES;
				INFOPLIST_KEY_CFBundleDisplayName = "Randevularım";
				INFOPLIST_KEY_LSApplicationCategoryType = "public.app-category.business";
				INFOPLIST_KEY_NSContactsUsageDescription = "Rehberinizdeki kişileri müşteri olarak ekleyebilmek için rehber erişimine ihtiyaç duyulmaktadır.";
				INFOPLIST_KEY_NSSupportsLiveActivities = YES;
				INFOPLIST_KEY_UIApplicationSupportsIndirectInputEvents = YES;
				INFOPLIST_KEY_UILaunchScreen_Generation = YES;
				INFOPLIST_KEY_UISupportedInterfaceOrientations = "UIInterfaceOrientationPortrait UIInterfaceOrientationLandscapeLeft UIInterfaceOrientationLandscapeRight";
				INFOPLIST_KEY_UISupportedInterfaceOrientations_iPad = "UIInterfaceOrientationPortrait UIInterfaceOrientationPortraitUpsideDown UIInterfaceOrientationLandscapeLeft UIInterfaceOrientationLandscapeRight";
				IPHONEOS_DEPLOYMENT_TARGET = 17.0;
				MARKETING_VERSION = 1.0.0;
				PRODUCT_BUNDLE_IDENTIFIER = com.hasanyavuz.randevularim;
				PRODUCT_NAME = "$(TARGET_NAME)";
				SUPPORTED_PLATFORMS = "iphoneos iphonesimulator";
				SUPPORTS_MACCATALYST = NO;
				SWIFT_EMIT_LOC_STRINGS = YES;
				SWIFT_VERSION = 5.0;
				TARGETED_DEVICE_FAMILY = "1,2";
			};
			name = Debug;
		};
		100000000000000000000082 /* Release */ = {
			isa = XCBuildConfiguration;
			buildSettings = {
				ASSETCATALOG_COMPILER_APPICON_NAME = AppIcon;
				CODE_SIGN_ENTITLEMENTS = Randevularim/Randevularim.entitlements;
				CODE_SIGN_STYLE = Automatic;
				CURRENT_PROJECT_VERSION = 13;
				DEVELOPMENT_ASSET_PATHS = "";
				DEVELOPMENT_TEAM = 95584RK3B9;
				GENERATE_INFOPLIST_FILE = YES;
				INFOPLIST_KEY_CFBundleDisplayName = "Randevularım";
				INFOPLIST_KEY_LSApplicationCategoryType = "public.app-category.business";
				INFOPLIST_KEY_NSContactsUsageDescription = "Rehberinizdeki kişileri müşteri olarak ekleyebilmek için rehber erişimine ihtiyaç duyulmaktadı.";
				INFOPLIST_KEY_NSSupportsLiveActivities = YES;
				INFOPLIST_KEY_UIApplicationSupportsIndirectInputEvents = YES;
				INFOPLIST_KEY_UILaunchScreen_Generation = YES;
				INFOPLIST_KEY_UISupportedInterfaceOrientations = "UIInterfaceOrientationPortrait UIInterfaceOrientationLandscapeLeft UIInterfaceOrientationLandscapeRight";
				INFOPLIST_KEY_UISupportedInterfaceOrientations_iPad = "UIInterfaceOrientationPortrait UIInterfaceOrientationPortraitUpsideDown UIInterfaceOrientationLandscapeLeft UIInterfaceOrientationLandscapeRight";
				IPHONEOS_DEPLOYMENT_TARGET = 17.0;
				MARKETING_VERSION = 1.0.0;
				PRODUCT_BUNDLE_IDENTIFIER = com.hasanyavuz.randevularim;
				PRODUCT_NAME = "$(TARGET_NAME)";
				SUPPORTED_PLATFORMS = "iphoneos iphonesimulator";
				SUPPORTS_MACCATALYST = NO;
				SWIFT_EMIT_LOC_STRINGS = YES;
				SWIFT_VERSION = 5.0;
				TARGETED_DEVICE_FAMILY = "1,2";
				VALIDATE_PRODUCT = YES;
			};
			name = Release;
		};
		100000000000000000000091 /* Debug */ = {
			isa = XCBuildConfiguration;
			buildSettings = {
				CODE_SIGN_STYLE = Automatic;
				CODE_SIGN_ENTITLEMENTS = RandevularimWidget/RandevularimWidget.entitlements;
				CURRENT_PROJECT_VERSION = 13;
				DEVELOPMENT_TEAM = 95584RK3B9;
				GENERATE_INFOPLIST_FILE = NO;
				INFOPLIST_FILE = RandevularimWidget/Info.plist;
				IPHONEOS_DEPLOYMENT_TARGET = 17.0;
				MARKETING_VERSION = 1.0.0;
				PRODUCT_BUNDLE_IDENTIFIER = com.hasanyavuz.randevularim.widget;
				PRODUCT_NAME = "$(TARGET_NAME)";
				SKIP_INSTALL = YES;
				SUPPORTED_PLATFORMS = "iphoneos iphonesimulator";
				SUPPORTS_MACCATALYST = NO;
				SWIFT_VERSION = 5.0;
				TARGETED_DEVICE_FAMILY = "1,2";
			};
			name = Debug;
		};
		100000000000000000000092 /* Release */ = {
			isa = XCBuildConfiguration;
			buildSettings = {
				CODE_SIGN_STYLE = Automatic;
				CODE_SIGN_ENTITLEMENTS = RandevularimWidget/RandevularimWidget.entitlements;
				CURRENT_PROJECT_VERSION = 13;
				DEVELOPMENT_TEAM = 95584RK3B9;
				GENERATE_INFOPLIST_FILE = NO;
				INFOPLIST_FILE = RandevularimWidget/Info.plist;
				IPHONEOS_DEPLOYMENT_TARGET = 17.0;
				MARKETING_VERSION = 1.0.0;
				PRODUCT_BUNDLE_IDENTIFIER = com.hasanyavuz.randevularim.widget;
				PRODUCT_NAME = "$(TARGET_NAME)";
				SKIP_INSTALL = YES;
				SUPPORTED_PLATFORMS = "iphoneos iphonesimulator";
				SUPPORTS_MACCATALYST = NO;
				SWIFT_VERSION = 5.0;
				TARGETED_DEVICE_FAMILY = "1,2";
			};
			name = Release;
		};
/* End XCBuildConfiguration section */

/* Begin XCConfigurationList section */
		100000000000000000000070 /* Build configuration list for PBXProject "Randevularim" */ = {
			isa = XCConfigurationList;
			buildConfigurations = (
				100000000000000000000071 /* Debug */,
				100000000000000000000072 /* Release */,
			);
			defaultConfigurationIsVisible = 0;
			defaultConfigurationName = Release;
		};
		100000000000000000000080 /* Build configuration list for PBXNativeTarget "Randevularim" */ = {
			isa = XCConfigurationList;
			buildConfigurations = (
				100000000000000000000081 /* Debug */,
				100000000000000000000082 /* Release */,
			);
			defaultConfigurationIsVisible = 0;
			defaultConfigurationName = Release;
		};
		100000000000000000000090 /* Build configuration list for PBXNativeTarget "RandevularimWidget" */ = {
			isa = XCConfigurationList;
			buildConfigurations = (
				100000000000000000000091 /* Debug */,
				100000000000000000000092 /* Release */,
			);
			defaultConfigurationIsVisible = 0;
			defaultConfigurationName = Release;
		};
/* End XCConfigurationList section */
	};
	rootObject = 100000000000000000000060 /* Project object */;
}
